
Microsoft Visual Studio Solution File, Format Version 12.00
Project("{FAE04EC0-301F-11D3-BF4B-00C04F79EFBC}") = "BRM.EventRecorder.UnityEvents", "Projects\BRM.EventRecorder.UnityEvents\BRM.EventRecorder.UnityEvents.csproj", "{03166CF7-9867-45AC-B29D-AE2D619394BD}"
EndProject
Project("{FAE04EC0-301F-11D3-BF4B-00C04F79EFBC}") = "BRM.EventRecorder.UnityEditor", "Projects\BRM.EventRecorder.UnityEditor\BRM.EventRecorder.UnityEditor.csproj", "{126843B2-8EFA-4BA9-8B7C-B23F9EA0138B}"
EndProject
Project("{FAE04EC0-301F-11D3-BF4B-00C04F79EFBC}") = "BRM.EventRecorder.TmpEvents", "Projects\BRM.EventRecorder.TmpEvents\BRM.EventRecorder.TmpEvents.csproj", "{563BFB06-66FA-4048-A8AB-6C5F6C703BB3}"
EndProject
Project("{FAE04EC0-301F-11D3-BF4B-00C04F79EFBC}") = "BRM.EventRecorder.TmpEditor", "Projects\BRM.EventRecorder.TmpEditor\BRM.EventRecorder.TmpEditor.csproj", "{8628782E-72EC-4346-B5CD-BA2220F91B96}"
EndProject
Project("{FAE04EC0-301F-11D3-BF4B-00C04F79EFBC}") = "BRM.EventAnalysis.UnityPlayback", "Projects\BRM.EventAnalysis.UnityPlayback\BRM.EventAnalysis.UnityPlayback.csproj", "{FE4EC2C1-69F5-43FF-AC4E-5520E771FB54}"
EndProject
Project("{FAE04EC0-301F-11D3-BF4B-00C04F79EFBC}") = "BRM.EventAnalysis.TmpPlayback", "Projects\BRM.EventAnalysis.TmpPlayback\BRM.EventAnalysis.TmpPlayback.csproj", "{B13C275B-A939-48FB-833B-2A5024D9D0B7}"
EndProject
Global
	GlobalSection(SolutionConfigurationPlatforms) = preSolution
		Debug|Any CPU = Debug|Any CPU
		Release|Any CPU = Release|Any CPU
	EndGlobalSection
	GlobalSection(ProjectConfigurationPlatforms) = postSolution
		{03166CF7-9867-45AC-B29D-AE2D619394BD}.Debug|Any CPU.ActiveCfg = Debug|Any CPU
		{03166CF7-9867-45AC-B29D-AE2D619394BD}.Debug|Any CPU.Build.0 = Debug|Any CPU
		{03166CF7-9867-45AC-B29D-AE2D619394BD}.Release|Any CPU.ActiveCfg = Release|Any CPU
		{03166CF7-9867-45AC-B29D-AE2D619394BD}.Release|Any CPU.Build.0 = Release|Any CPU
		{126843B2-8EFA-4BA9-8B7C-B23F9EA0138B}.Debug|Any CPU.ActiveCfg = Debug|Any CPU
		{126843B2-8EFA-4BA9-8B7C-B23F9EA0138B}.Debug|Any CPU.Build.0 = Debug|Any CPU
		{126843B2-8EFA-4BA9-8B7C-B23F9EA0138B}.Release|Any CPU.ActiveCfg = Release|Any CPU
		{126843B2-8EFA-4BA9-8B7C-B23F9EA0138B}.Release|Any CPU.Build.0 = Release|Any CPU
		{563BFB06-66FA-4048-A8AB-6C5F6C703BB3}.Debug|Any CPU.ActiveCfg = Debug|Any CPU
		{563BFB06-66FA-4048-A8AB-6C5F6C703BB3}.Debug|Any CPU.Build.0 = Debug|Any CPU
		{563BFB06-66FA-4048-A8AB-6C5F6C703BB3}.Release|Any CPU.ActiveCfg = Release|Any CPU
		{563BFB06-66FA-4048-A8AB-6C5F6C703BB3}.Release|Any CPU.Build.0 = Release|Any CPU
		{8628782E-72EC-4346-B5CD-BA2220F91B96}.Debug|Any CPU.ActiveCfg = Debug|Any CPU
		{8628782E-72EC-4346-B5CD-BA2220F91B96}.Debug|Any CPU.Build.0 = Debug|Any CPU
		{8628782E-72EC-4346-B5CD-BA2220F91B96}.Release|Any CPU.ActiveCfg = Release|Any CPU
		{8628782E-72EC-4346-B5CD-BA2220F91B96}.Release|Any CPU.Build.0 = Release|Any CPU
		{FE4EC2C1-69F5-43FF-AC4E-5520E771FB54}.Debug|Any CPU.ActiveCfg = Debug|Any CPU
		{FE4EC2C1-69F5-43FF-AC4E-5520E771FB54}.Debug|Any CPU.Build.0 = Debug|Any CPU
		{FE4EC2C1-69F5-43FF-AC4E-5520E771FB54}.Release|Any CPU.ActiveCfg = Release|Any CPU
		{FE4EC2C1-69F5-43FF-AC4E-5520E771FB54}.Release|Any CPU.Build.0 = Release|Any CPU
		{B13C275B-A939-48FB-833B-2A5024D9D0B7}.Debug|Any CPU.ActiveCfg = Debug|Any CPU
		{B13C275B-A939-48FB-833B-2A5024D9D0B7}.Debug|Any CPU.Build.0 = Debug|Any CPU
		{B13C275B-A939-48FB-833B-2A5024D9D0B7}.Release|Any CPU.ActiveCfg = Release|Any CPU
		{B13C275B-A939-48FB-833B-2A5024D9D0B7}.Release|Any CPU.Build.0 = Release|Any CPU
	EndGlobalSection
EndGlobal
